
Microsoft Visual Studio Solution File, Format Version 12.00
# Visual Studio 14
VisualStudioVersion = 14.0.25420.1
MinimumVisualStudioVersion = 10.0.40219.1
Project("{FAE04EC0-301F-11D3-BF4B-00C04F79EFBC}") = "FORUM.WEB", "FORUM.WEB\FORUM.WEB.csproj", "{03F3AF5E-0649-411E-B82E-C5AB1F8F804B}"
EndProject
Project("{FAE04EC0-301F-11D3-BF4B-00C04F79EFBC}") = "FORUM.DAL", "FORUM.DAL\FORUM.DAL.csproj", "{03362CCC-04E4-4F08-886A-A217C86607A3}"
EndProject
Project("{FAE04EC0-301F-11D3-BF4B-00C04F79EFBC}") = "FORUM.BLL", "FORUM.BLL\FORUM.BLL.csproj", "{3DAC1575-9F94-4E56-8D47-29A393620272}"
EndProject
Project("{FAE04EC0-301F-11D3-BF4B-00C04F79EFBC}") = "FORUM.BLL.UnitTests", "FORUM.BLL.UnitTests\FORUM.BLL.UnitTests.csproj", "{DE117C73-0B1D-4052-A0A7-17C8CCF4AF75}"
EndProject
Global
	GlobalSection(SolutionConfigurationPlatforms) = preSolution
		Debug|Any CPU = Debug|Any CPU
		Release|Any CPU = Release|Any CPU
	EndGlobalSection
	GlobalSection(ProjectConfigurationPlatforms) = postSolution
		{03F3AF5E-0649-411E-B82E-C5AB1F8F804B}.Debug|Any CPU.ActiveCfg = Debug|Any CPU
		{03F3AF5E-0649-411E-B82E-C5AB1F8F804B}.Debug|Any CPU.Build.0 = Debug|Any CPU
		{03F3AF5E-0649-411E-B82E-C5AB1F8F804B}.Release|Any CPU.ActiveCfg = Release|Any CPU
		{03F3AF5E-0649-411E-B82E-C5AB1F8F804B}.Release|Any CPU.Build.0 = Release|Any CPU
		{03362CCC-04E4-4F08-886A-A217C86607A3}.Debug|Any CPU.ActiveCfg = Debug|Any CPU
		{03362CCC-04E4-4F08-886A-A217C86607A3}.Debug|Any CPU.Build.0 = Debug|Any CPU
		{03362CCC-04E4-4F08-886A-A217C86607A3}.Release|Any CPU.ActiveCfg = Release|Any CPU
		{03362CCC-04E4-4F08-886A-A217C86607A3}.Release|Any CPU.Build.0 = Release|Any CPU
		{3DAC1575-9F94-4E56-8D47-29A393620272}.Debug|Any CPU.ActiveCfg = Debug|Any CPU
		{3DAC1575-9F94-4E56-8D47-29A393620272}.Debug|Any CPU.Build.0 = Debug|Any CPU
		{3DAC1575-9F94-4E56-8D47-29A393620272}.Release|Any CPU.ActiveCfg = Release|Any CPU
		{3DAC1575-9F94-4E56-8D47-29A393620272}.Release|Any CPU.Build.0 = Release|Any CPU
		{DE117C73-0B1D-4052-A0A7-17C8CCF4AF75}.Debug|Any CPU.ActiveCfg = Debug|Any CPU
		{DE117C73-0B1D-4052-A0A7-17C8CCF4AF75}.Debug|Any CPU.Build.0 = Debug|Any CPU
		{DE117C73-0B1D-4052-A0A7-17C8CCF4AF75}.Release|Any CPU.ActiveCfg = Release|Any CPU
		{DE117C73-0B1D-4052-A0A7-17C8CCF4AF75}.Release|Any CPU.Build.0 = Release|Any CPU
	EndGlobalSection
	GlobalSection(SolutionProperties) = preSolution
		HideSolutionNode = FALSE
	EndGlobalSection
EndGlobal
